// !$*UTF8*$!
{
	archiveVersion = 1;
	classes = {
	};
	objectVersion = 50;
	objects = {

/* Begin PBXBuildFile section */
		75C27333250DDA650051A9AF /* AppDelegate.m in Sources */ = {isa = PBXBuildFile; fileRef = 75C27332250DDA650051A9AF /* AppDelegate.m */; };
		75C27336250DDA650051A9AF /* SceneDelegate.m in Sources */ = {isa = PBXBuildFile; fileRef = 75C27335250DDA650051A9AF /* SceneDelegate.m */; };
		75C27339250DDA650051A9AF /* ViewController.m in Sources */ = {isa = PBXBuildFile; fileRef = 75C27338250DDA650051A9AF /* ViewController.m */; };
		75C2733C250DDA650051A9AF /* Main.storyboard in Resources */ = {isa = PBXBuildFile; fileRef = 75C2733A250DDA650051A9AF /* Main.storyboard */; };
		75C2733E250DDA660051A9AF /* Assets.xcassets in Resources */ = {isa = PBXBuildFile; fileRef = 75C2733D250DDA660051A9AF /* Assets.xcassets */; };
		75C27341250DDA660051A9AF /* LaunchScreen.storyboard in Resources */ = {isa = PBXBuildFile; fileRef = 75C2733F250DDA660051A9AF /* LaunchScreen.storyboard */; };
		75C27344250DDA660051A9AF /* main.m in Sources */ = {isa = PBXBuildFile; fileRef = 75C27343250DDA660051A9AF /* main.m */; };
		75C2734E250DDA660051A9AF /* HookDemoTests.m in Sources */ = {isa = PBXBuildFile; fileRef = 75C2734D250DDA660051A9AF /* HookDemoTests.m */; };
		75C27359250DDA670051A9AF /* HookDemoUITests.m in Sources */ = {isa = PBXBuildFile; fileRef = 75C27358250DDA670051A9AF /* HookDemoUITests.m */; };
/* End PBXBuildFile section */

/* Begin PBXContainerItemProxy section */
		75C2734A250DDA660051A9AF /* PBXContainerItemProxy */ = {
			isa = PBXContainerItemProxy;
			containerPortal = 75C27326250DDA650051A9AF /* Project object */;
			proxyType = 1;
			remoteGlobalIDString = 75C2732D250DDA650051A9AF;
			remoteInfo = HookDemo;
		};
		75C27355250DDA670051A9AF /* PBXContainerItemProxy */ = {
			isa = PBXContainerItemProxy;
			containerPortal = 75C27326250DDA650051A9AF /* Project object */;
			proxyType = 1;
			remoteGlobalIDString = 75C2732D250DDA650051A9AF;
			remoteInfo = HookDemo;
		};
/* End PBXContainerItemProxy section */

/* Begin PBXFileReference section */
		75C2732E250DDA650051A9AF /* HookDemo.app */ = {isa = PBXFileReference; explicitFileType = wrapper.application; includeInIndex = 0; path = HookDemo.app; sourceTree = BUILT_PRODUCTS_DIR; };
		75C27331250DDA650051A9AF /* AppDelegate.h */ = {isa = PBXFileReference; lastKnownFileType = sourcecode.c.h; path = AppDelegate.h; sourceTree = "<group>"; };
		75C27332250DDA650051A9AF /* AppDelegate.m */ = {isa = PBXFileReference; lastKnownFileType = sourcecode.c.objc; path = AppDelegate.m; sourceTree = "<group>"; };
		75C27334250DDA650051A9AF /* SceneDelegate.h */ = {isa = PBXFileReference; lastKnownFileType = sourcecode.c.h; path = SceneDelegate.h; sourceTree = "<group>"; };
		75C27335250DDA650051A9AF /* SceneDelegate.m */ = {isa = PBXFileReference; lastKnownFileType = sourcecode.c.objc; path = SceneDelegate.m; sourceTree = "<group>"; };
		75C27337250DDA650051A9AF /* ViewController.h */ = {isa = PBXFileReference; lastKnownFileType = sourcecode.c.h; path = ViewController.h; sourceTree = "<group>"; };
		75C27338250DDA650051A9AF /* ViewController.m */ = {isa = PBXFileReference; lastKnownFileType = sourcecode.c.objc; path = ViewController.m; sourceTree = "<group>"; };
		75C2733B250DDA650051A9AF /* Base */ = {isa = PBXFileReference; lastKnownFileType = file.storyboard; name = Base; path = Base.lproj/Main.storyboard; sourceTree = "<group>"; };
		75C2733D250DDA660051A9AF /* Assets.xcassets */ = {isa = PBXFileReference; lastKnownFileType = folder.assetcatalog; path = Assets.xcassets; sourceTree = "<group>"; };
		75C27340250DDA660051A9AF /* Base */ = {isa = PBXFileReference; lastKnownFileType = file.storyboard; name = Base; path = Base.lproj/LaunchScreen.storyboard; sourceTree = "<group>"; };
		75C27342250DDA660051A9AF /* Info.plist */ = {isa = PBXFileReference; lastKnownFileType = text.plist.xml; path = Info.plist; sourceTree = "<group>"; };
		75C27343250DDA660051A9AF /* main.m */ = {isa = PBXFileReference; lastKnownFileType = sourcecode.c.objc; path = main.m; sourceTree = "<group>"; };
		75C27349250DDA660051A9AF /* HookDemoTests.xctest */ = {isa = PBXFileReference; explicitFileType = wrapper.cfbundle; includeInIndex = 0; path = HookDemoTests.xctest; sourceTree = BUILT_PRODUCTS_DIR; };
		75C2734D250DDA660051A9AF /* HookDemoTests.m */ = {isa = PBXFileReference; lastKnownFileType = sourcecode.c.objc; path = HookDemoTests.m; sourceTree = "<group>"; };
		75C2734F250DDA660051A9AF /* Info.plist */ = {isa = PBXFileReference; lastKnownFileType = text.plist.xml; path = Info.plist; sourceTree = "<group>"; };
		75C27354250DDA670051A9AF /* HookDemoUITests.xctest */ = {isa = PBXFileReference; explicitFileType = wrapper.cfbundle; includeInIndex = 0; path = HookDemoUITests.xctest; sourceTree = BUILT_PRODUCTS_DIR; };
		75C27358250DDA670051A9AF /* HookDemoUITests.m */ = {isa = PBXFileReference; lastKnownFileType = sourcecode.c.objc; path = HookDemoUITests.m; sourceTree = "<group>"; };
		75C2735A250DDA670051A9AF /* Info.plist */ = {isa = PBXFileReference; lastKnownFileType = text.plist.xml; path = Info.plist; sourceTree = "<group>"; };
/* End PBXFileReference section */

/* Begin PBXFrameworksBuildPhase section */
		75C2732B250DDA650051A9AF /* Frameworks */ = {
			isa = PBXFrameworksBuildPhase;
			buildActionMask = 2147483647;
			files = (
			);
			runOnlyForDeploymentPostprocessing = 0;
		};
		75C27346250DDA660051A9AF /* Frameworks */ = {
			isa = PBXFrameworksBuildPhase;
			buildActionMask = 2147483647;
			files = (
			);
			runOnlyForDeploymentPostprocessing = 0;
		};
		75C27351250DDA670051A9AF /* Frameworks */ = {
			isa = PBXFrameworksBuildPhase;
			buildActionMask = 2147483647;
			files = (
			);
			runOnlyForDeploymentPostprocessing = 0;
		};
/* End PBXFrameworksBuildPhase section */

/* Begin PBXGroup section */
		75C27325250DDA650051A9AF = {
			isa = PBXGroup;
			children = (
				75C27330250DDA650051A9AF /* HookDemo */,
				75C2734C250DDA660051A9AF /* HookDemoTests */,
				75C27357250DDA670051A9AF /* HookDemoUITests */,
				75C2732F250DDA650051A9AF /* Products */,
			);
			sourceTree = "<group>";
		};
		75C2732F250DDA650051A9AF /* Products */ = {
			isa = PBXGroup;
			children = (
				75C2732E250DDA650051A9AF /* HookDemo.app */,
				75C27349250DDA660051A9AF /* HookDemoTests.xctest */,
				75C27354250DDA670051A9AF /* HookDemoUITests.xctest */,
			);
			name = Products;
			sourceTree = "<group>";
		};
		75C27330250DDA650051A9AF /* HookDemo */ = {
			isa = PBXGroup;
			children = (
				75C27331250DDA650051A9AF /* AppDelegate.h */,
				75C27332250DDA650051A9AF /* AppDelegate.m */,
				75C27334250DDA650051A9AF /* SceneDelegate.h */,
				75C27335250DDA650051A9AF /* SceneDelegate.m */,
				75C27337250DDA650051A9AF /* ViewController.h */,
				75C27338250DDA650051A9AF /* ViewController.m */,
				75C2733A250DDA650051A9AF /* Main.storyboard */,
				75C2733D250DDA660051A9AF /* Assets.xcassets */,
				75C2733F250DDA660051A9AF /* LaunchScreen.storyboard */,
				75C27342250DDA660051A9AF /* Info.plist */,
				75C27343250DDA660051A9AF /* main.m */,
			);
			path = HookDemo;
			sourceTree = "<group>";
		};
		75C2734C250DDA660051A9AF /* HookDemoTests */ = {
			isa = PBXGroup;
			children = (
				75C2734D250DDA660051A9AF /* HookDemoTests.m */,
				75C2734F250DDA660051A9AF /* Info.plist */,
			);
			path = HookDemoTests;
			sourceTree = "<group>";
		};
		75C27357250DDA670051A9AF /* HookDemoUITests */ = {
			isa = PBXGroup;
			children = (
				75C27358250DDA670051A9AF /* HookDemoUITests.m */,
				75C2735A250DDA670051A9AF /* Info.plist */,
			);
			path = HookDemoUITests;
			sourceTree = "<group>";
		};
/* End PBXGroup section */

/* Begin PBXNativeTarget section */
		75C2732D250DDA650051A9AF /* HookDemo */ = {
			isa = PBXNativeTarget;
			buildConfigurationList = 75C2735D250DDA670051A9AF /* Build configuration list for PBXNativeTarget "HookDemo" */;
			buildPhases = (
				75C2732A250DDA650051A9AF /* Sources */,
				75C2732B250DDA650051A9AF /* Frameworks */,
				75C2732C250DDA650051A9AF /* Resources */,
			);
			buildRules = (
			);
			dependencies = (
			);
			name = HookDemo;
			productName = HookDemo;
			productReference = 75C2732E250DDA650051A9AF /* HookDemo.app */;
			productType = "com.apple.product-type.application";
		};
		75C27348250DDA660051A9AF /* HookDemoTests */ = {
			isa = PBXNativeTarget;
			buildConfigurationList = 75C27360250DDA670051A9AF /* Build configuration list for PBXNativeTarget "HookDemoTests" */;
			buildPhases = (
				75C27345250DDA660051A9AF /* Sources */,
				75C27346250DDA660051A9AF /* Frameworks */,
				75C27347250DDA660051A9AF /* Resources */,
			);
			buildRules = (
			);
			dependencies = (
				75C2734B250DDA660051A9AF /* PBXTargetDependency */,
			);
			name = HookDemoTests;
			productName = HookDemoTests;
			productReference = 75C27349250DDA660051A9AF /* HookDemoTests.xctest */;
			productType = "com.apple.product-type.bundle.unit-test";
		};
		75C27353250DDA670051A9AF /* HookDemoUITests */ = {
			isa = PBXNativeTarget;
			buildConfigurationList = 75C27363250DDA670051A9AF /* Build configuration list for PBXNativeTarget "HookDemoUITests" */;
			buildPhases = (
				75C27350250DDA670051A9AF /* Sources */,
				75C27351250DDA670051A9AF /* Frameworks */,
				75C27352250DDA670051A9AF /* Resources */,
			);
			buildRules = (
			);
			dependencies = (
				75C27356250DDA670051A9AF /* PBXTargetDependency */,
			);
			name = HookDemoUITests;
			productName = HookDemoUITests;
			productReference = 75C27354250DDA670051A9AF /* HookDemoUITests.xctest */;
			productType = "com.apple.product-type.bundle.ui-testing";
		};
/* End PBXNativeTarget section */

/* Begin PBXProject section */
		75C27326250DDA650051A9AF /* Project object */ = {
			isa = PBXProject;
			attributes = {
				LastUpgradeCheck = 1200;
				TargetAttributes = {
					75C2732D250DDA650051A9AF = {
						CreatedOnToolsVersion = 12.0;
					};
					75C27348250DDA660051A9AF = {
						CreatedOnToolsVersion = 12.0;
						TestTargetID = 75C2732D250DDA650051A9AF;
					};
					75C27353250DDA670051A9AF = {
						CreatedOnToolsVersion = 12.0;
						TestTargetID = 75C2732D250DDA650051A9AF;
					};
				};
			};
			buildConfigurationList = 75C27329250DDA650051A9AF /* Build configuration list for PBXProject "HookDemo" */;
			compatibilityVersion = "Xcode 9.3";
			developmentRegion = en;
			hasScannedForEncodings = 0;
			knownRegions = (
				en,
				Base,
			);
			mainGroup = 75C27325250DDA650051A9AF;
			productRefGroup = 75C2732F250DDA650051A9AF /* Products */;
			projectDirPath = "";
			projectRoot = "";
			targets = (
				75C2732D250DDA650051A9AF /* HookDemo */,
				75C27348250DDA660051A9AF /* HookDemoTests */,
				75C27353250DDA670051A9AF /* HookDemoUITests */,
			);
		};
/* End PBXProject section */

/* Begin PBXResourcesBuildPhase section */
		75C2732C250DDA650051A9AF /* Resources */ = {
			isa = PBXResourcesBuildPhase;
			buildActionMask = 2147483647;
			files = (
				75C27341250DDA660051A9AF /* LaunchScreen.storyboard in Resources */,
				75C2733E250DDA660051A9AF /* Assets.xcassets in Resources */,
				75C2733C250DDA650051A9AF /* Main.storyboard in Resources */,
			);
			runOnlyForDeploymentPostprocessing = 0;
		};
		75C27347250DDA660051A9AF /* Resources */ = {
			isa = PBXResourcesBuildPhase;
			buildActionMask = 2147483647;
			files = (
			);
			runOnlyForDeploymentPostprocessing = 0;
		};
		75C27352250DDA670051A9AF /* Resources */ = {
			isa = PBXResourcesBuildPhase;
			buildActionMask = 2147483647;
			files = (
			);
			runOnlyForDeploymentPostprocessing = 0;
		};
/* End PBXResourcesBuildPhase section */

/* Begin PBXSourcesBuildPhase section */
		75C2732A250DDA650051A9AF /* Sources */ = {
			isa = PBXSourcesBuildPhase;
			buildActionMask = 2147483647;
			files = (
				75C27339250DDA650051A9AF /* ViewController.m in Sources */,
				75C27333250DDA650051A9AF /* AppDelegate.m in Sources */,
				75C27344250DDA660051A9AF /* main.m in Sources */,
				75C27336250DDA650051A9AF /* SceneDelegate.m in Sources */,
			);
			runOnlyForDeploymentPostprocessing = 0;
		};
		75C27345250DDA660051A9AF /* Sources */ = {
			isa = PBXSourcesBuildPhase;
			buildActionMask = 2147483647;
			files = (
				75C2734E250DDA660051A9AF /* HookDemoTests.m in Sources */,
			);
			runOnlyForDeploymentPostprocessing = 0;
		};
		75C27350250DDA670051A9AF /* Sources */ = {
			isa = PBXSourcesBuildPhase;
			buildActionMask = 2147483647;
			files = (
				75C27359250DDA670051A9AF /* HookDemoUITests.m in Sources */,
			);
			runOnlyForDeploymentPostprocessing = 0;
		};
/* End PBXSourcesBuildPhase section */

/* Begin PBXTargetDependency section */
		75C2734B250DDA660051A9AF /* PBXTargetDependency */ = {
			isa = PBXTargetDependency;
			target = 75C2732D250DDA650051A9AF /* HookDemo */;
			targetProxy = 75C2734A250DDA660051A9AF /* PBXContainerItemProxy */;
		};
		75C27356250DDA670051A9AF /* PBXTargetDependency */ = {
			isa = PBXTargetDependency;
			target = 75C2732D250DDA650051A9AF /* HookDemo */;
			targetProxy = 75C27355250DDA670051A9AF /* PBXContainerItemProxy */;
		};
/* End PBXTargetDependency section */

/* Begin PBXVariantGroup section */
		75C2733A250DDA650051A9AF /* Main.storyboard */ = {
			isa = PBXVariantGroup;
			children = (
				75C2733B250DDA650051A9AF /* Base */,
			);
			name = Main.storyboard;
			sourceTree = "<group>";
		};
		75C2733F250DDA660051A9AF /* LaunchScreen.storyboard */ = {
			isa = PBXVariantGroup;
			children = (
				75C27340250DDA660051A9AF /* Base */,
			);
			name = LaunchScreen.storyboard;
			sourceTree = "<group>";
		};
/* End PBXVariantGroup section */

/* Begin XCBuildConfiguration section */
		75C2735B250DDA670051A9AF /* Debug */ = {
			isa = XCBuildConfiguration;
			buildSettings = {
				ALWAYS_SEARCH_USER_PATHS = NO;
				CLANG_ANALYZER_NONNULL = YES;
				CLANG_ANALYZER_NUMBER_OBJECT_CONVERSION = YES_AGGRESSIVE;
				CLANG_CXX_LANGUAGE_STANDARD = "gnu++14";
				CLANG_CXX_LIBRARY = "libc++";
				CLANG_ENABLE_MODULES = YES;
				CLANG_ENABLE_OBJC_ARC = YES;
				CLANG_ENABLE_OBJC_WEAK = YES;
				CLANG_WARN_BLOCK_CAPTURE_AUTORELEASING = YES;
				CLANG_WARN_BOOL_CONVERSION = YES;
				CLANG_WARN_COMMA = YES;
				CLANG_WARN_CONSTANT_CONVERSION = YES;
				CLANG_WARN_DEPRECATED_OBJC_IMPLEMENTATIONS = YES;
				CLANG_WARN_DIRECT_OBJC_ISA_USAGE = YES_ERROR;
				CLANG_WARN_DOCUMENTATION_COMMENTS = YES;
				CLANG_WARN_EMPTY_BODY = YES;
				CLANG_WARN_ENUM_CONVERSION = YES;
				CLANG_WARN_INFINITE_RECURSION = YES;
				CLANG_WARN_INT_CONVERSION = YES;
				CLANG_WARN_NON_LITERAL_NULL_CONVERSION = YES;
				CLANG_WARN_OBJC_IMPLICIT_RETAIN_SELF = YES;
				CLANG_WARN_OBJC_LITERAL_CONVERSION = YES;
				CLANG_WARN_OBJC_ROOT_CLASS = YES_ERROR;
				CLANG_WARN_QUOTED_INCLUDE_IN_FRAMEWORK_HEADER = YES;
				CLANG_WARN_RANGE_LOOP_ANALYSIS = YES;
				CLANG_WARN_STRICT_PROTOTYPES = YES;
				CLANG_WARN_SUSPICIOUS_MOVE = YES;
				CLANG_WARN_UNGUARDED_AVAILABILITY = YES_AGGRESSIVE;
				CLANG_WARN_UNREACHABLE_CODE = YES;
				CLANG_WARN__DUPLICATE_METHOD_MATCH = YES;
				COPY_PHASE_STRIP = NO;
				DEBUG_INFORMATION_FORMAT = dwarf;
				ENABLE_STRICT_OBJC_MSGSEND = YES;
				ENABLE_TESTABILITY = YES;
				GCC_C_LANGUAGE_STANDARD = gnu11;
				GCC_DYNAMIC_NO_PIC = NO;
				GCC_NO_COMMON_BLOCKS = YES;
				GCC_OPTIMIZATION_LEVEL = 0;
				GCC_PREPROCESSOR_DEFINITIONS = (
					"DEBUG=1",
					"$(inherited)",
				);
				GCC_WARN_64_TO_32_BIT_CONVERSION = YES;
				GCC_WARN_ABOUT_RETURN_TYPE = YES_ERROR;
				GCC_WARN_UNDECLARED_SELECTOR = YES;
				GCC_WARN_UNINITIALIZED_AUTOS = YES_AGGRESSIVE;
				GCC_WARN_UNUSED_FUNCTION = YES;
				GCC_WARN_UNUSED_VARIABLE = YES;
				IPHONEOS_DEPLOYMENT_TARGET = 14.0;
				MTL_ENABLE_DEBUG_INFO = INCLUDE_SOURCE;
				MTL_FAST_MATH = YES;
				ONLY_ACTIVE_ARCH = YES;
				SDKROOT = iphoneos;
			};
			name = Debug;
		};
		75C2735C250DDA670051A9AF /* Release */ = {
			isa = XCBuildConfiguration;
			buildSettings = {
				ALWAYS_SEARCH_USER_PATHS = NO;
				CLANG_ANALYZER_NONNULL = YES;
				CLANG_ANALYZER_NUMBER_OBJECT_CONVERSION = YES_AGGRESSIVE;
				CLANG_CXX_LANGUAGE_STANDARD = "gnu++14";
				CLANG_CXX_LIBRARY = "libc++";
				CLANG_ENABLE_MODULES = YES;
				CLANG_ENABLE_OBJC_ARC = YES;
				CLANG_ENABLE_OBJC_WEAK = YES;
				CLANG_WARN_BLOCK_CAPTURE_AUTORELEASING = YES;
				CLANG_WARN_BOOL_CONVERSION = YES;
				CLANG_WARN_COMMA = YES;
				CLANG_WARN_CONSTANT_CONVERSION = YES;
				CLANG_WARN_DEPRECATED_OBJC_IMPLEMENTATIONS = YES;
				CLANG_WARN_DIRECT_OBJC_ISA_USAGE = YES_ERROR;
				CLANG_WARN_DOCUMENTATION_COMMENTS = YES;
				CLANG_WARN_EMPTY_BODY = YES;
				CLANG_WARN_ENUM_CONVERSION = YES;
				CLANG_WARN_INFINITE_RECURSION = YES;
				CLANG_WARN_INT_CONVERSION = YES;
				CLANG_WARN_NON_LITERAL_NULL_CONVERSION = YES;
				CLANG_WARN_OBJC_IMPLICIT_RETAIN_SELF = YES;
				CLANG_WARN_OBJC_LITERAL_CONVERSION = YES;
				CLANG_WARN_OBJC_ROOT_CLASS = YES_ERROR;
				CLANG_WARN_QUOTED_INCLUDE_IN_FRAMEWORK_HEADER = YES;
				CLANG_WARN_RANGE_LOOP_ANALYSIS = YES;
				CLANG_WARN_STRICT_PROTOTYPES = YES;
				CLANG_WARN_SUSPICIOUS_MOVE = YES;
				CLANG_WARN_UNGUARDED_AVAILABILITY = YES_AGGRESSIVE;
				CLANG_WARN_UNREACHABLE_CODE = YES;
				CLANG_WARN__DUPLICATE_METHOD_MATCH = YES;
				COPY_PHASE_STRIP = NO;
				DEBUG_INFORMATION_FORMAT = "dwarf-with-dsym";
				ENABLE_NS_ASSERTIONS = NO;
				ENABLE_STRICT_OBJC_MSGSEND = YES;
				GCC_C_LANGUAGE_STANDARD = gnu11;
				GCC_NO_COMMON_BLOCKS = YES;
				GCC_WARN_64_TO_32_BIT_CONVERSION = YES;
				GCC_WARN_ABOUT_RETURN_TYPE = YES_ERROR;
				GCC_WARN_UNDECLARED_SELECTOR = YES;
				GCC_WARN_UNINITIALIZED_AUTOS = YES_AGGRESSIVE;
				GCC_WARN_UNUSED_FUNCTION = YES;
				GCC_WARN_UNUSED_VARIABLE = YES;
				IPHONEOS_DEPLOYMENT_TARGET = 14.0;
				MTL_ENABLE_DEBUG_INFO = NO;
				MTL_FAST_MATH = YES;
				SDKROOT = iphoneos;
				VALIDATE_PRODUCT = YES;
			};
			name = Release;
		};
		75C2735E250DDA670051A9AF /* Debug */ = {
			isa = XCBuildConfiguration;
			buildSettings = {
				ASSETCATALOG_COMPILER_APPICON_NAME = AppIcon;
				ASSETCATALOG_COMPILER_GLOBAL_ACCENT_COLOR_NAME = AccentColor;
				CODE_SIGN_STYLE = Automatic;
				INFOPLIST_FILE = HookDemo/Info.plist;
				LD_RUNPATH_SEARCH_PATHS = (
					"$(inherited)",
					"@executable_path/Frameworks",
				);
				PRODUCT_BUNDLE_IDENTIFIER = com.gonghonglou.HookDemo;
				PRODUCT_NAME = "$(TARGET_NAME)";
				TARGETED_DEVICE_FAMILY = "1,2";
			};
			name = Debug;
		};
		75C2735F250DDA670051A9AF /* Release */ = {
			isa = XCBuildConfiguration;
			buildSettings = {
				ASSETCATALOG_COMPILER_APPICON_NAME = AppIcon;
				ASSETCATALOG_COMPILER_GLOBAL_ACCENT_COLOR_NAME = AccentColor;
				CODE_SIGN_STYLE = Automatic;
				INFOPLIST_FILE = HookDemo/Info.plist;
				LD_RUNPATH_SEARCH_PATHS = (
					"$(inherited)",
					"@executable_path/Frameworks",
				);
				PRODUCT_BUNDLE_IDENTIFIER = com.gonghonglou.HookDemo;
				PRODUCT_NAME = "$(TARGET_NAME)";
				TARGETED_DEVICE_FAMILY = "1,2";
			};
			name = Release;
		};
		75C27361250DDA670051A9AF /* Debug */ = {
			isa = XCBuildConfiguration;
			buildSettings = {
				BUNDLE_LOADER = "$(TEST_HOST)";
				CODE_SIGN_STYLE = Automatic;
				INFOPLIST_FILE = HookDemoTests/Info.plist;
				IPHONEOS_DEPLOYMENT_TARGET = 14.0;
				LD_RUNPATH_SEARCH_PATHS = (
					"$(inherited)",
					"@executable_path/Frameworks",
					"@loader_path/Frameworks",
				);
				PRODUCT_BUNDLE_IDENTIFIER = com.gonghonglou.HookDemoTests;
				PRODUCT_NAME = "$(TARGET_NAME)";
				TARGETED_DEVICE_FAMILY = "1,2";
				TEST_HOST = "$(BUILT_PRODUCTS_DIR)/HookDemo.app/HookDemo";
			};
			name = Debug;
		};
		75C27362250DDA670051A9AF /* Release */ = {
			isa = XCBuildConfiguration;
			buildSettings = {
				BUNDLE_LOADER = "$(TEST_HOST)";
				CODE_SIGN_STYLE = Automatic;
				INFOPLIST_FILE = HookDemoTests/Info.plist;
				IPHONEOS_DEPLOYMENT_TARGET = 14.0;
				LD_RUNPATH_SEARCH_PATHS = (
					"$(inherited)",
					"@executable_path/Frameworks",
					"@loader_path/Frameworks",
				);
				PRODUCT_BUNDLE_IDENTIFIER = com.gonghonglou.HookDemoTests;
				PRODUCT_NAME = "$(TARGET_NAME)";
				TARGETED_DEVICE_FAMILY = "1,2";
				TEST_HOST = "$(BUILT_PRODUCTS_DIR)/HookDemo.app/HookDemo";
			};
			name = Release;
		};
		75C27364250DDA670051A9AF /* Debug */ = {
			isa = XCBuildConfiguration;
			buildSettings = {
				CODE_SIGN_STYLE = Automatic;
				INFOPLIST_FILE = HookDemoUITests/Info.plist;
				LD_RUNPATH_SEARCH_PATHS = (
					"$(inherited)",
					"@executable_path/Frameworks",
					"@loader_path/Frameworks",
				);
				PRODUCT_BUNDLE_IDENTIFIER = com.gonghonglou.HookDemoUITests;
				PRODUCT_NAME = "$(TARGET_NAME)";
				TARGETED_DEVICE_FAMILY = "1,2";
				TEST_TARGET_NAME = HookDemo;
			};
			name = Debug;
		};
		75C27365250DDA670051A9AF /* Release */ = {
			isa = XCBuildConfiguration;
			buildSettings = {
				CODE_SIGN_STYLE = Automatic;
				INFOPLIST_FILE = HookDemoUITests/Info.plist;
				LD_RUNPATH_SEARCH_PATHS = (
					"$(inherited)",
					"@executable_path/Frameworks",
					"@loader_path/Frameworks",
				);
				PRODUCT_BUNDLE_IDENTIFIER = com.gonghonglou.HookDemoUITests;
				PRODUCT_NAME = "$(TARGET_NAME)";
				TARGETED_DEVICE_FAMILY = "1,2";
				TEST_TARGET_NAME = HookDemo;
			};
			name = Release;
		};
/* End XCBuildConfiguration section */

/* Begin XCConfigurationList section */
		75C27329250DDA650051A9AF /* Build configuration list for PBXProject "HookDemo" */ = {
			isa = XCConfigurationList;
			buildConfigurations = (
				75C2735B250DDA670051A9AF /* Debug */,
				75C2735C250DDA670051A9AF /* Release */,
			);
			defaultConfigurationIsVisible = 0;
			defaultConfigurationName = Release;
		};
		75C2735D250DDA670051A9AF /* Build configuration list for PBXNativeTarget "HookDemo" */ = {
			isa = XCConfigurationList;
			buildConfigurations = (
				75C2735E250DDA670051A9AF /* Debug */,
				75C2735F250DDA670051A9AF /* Release */,
			);
			defaultConfigurationIsVisible = 0;
			defaultConfigurationName = Release;
		};
		75C27360250DDA670051A9AF /* Build configuration list for PBXNativeTarget "HookDemoTests" */ = {
			isa = XCConfigurationList;
			buildConfigurations = (
				75C27361250DDA670051A9AF /* Debug */,
				75C27362250DDA670051A9AF /* Release */,
			);
			defaultConfigurationIsVisible = 0;
			defaultConfigurationName = Release;
		};
		75C27363250DDA670051A9AF /* Build configuration list for PBXNativeTarget "HookDemoUITests" */ = {
			isa = XCConfigurationList;
			buildConfigurations = (
				75C27364250DDA670051A9AF /* Debug */,
				75C27365250DDA670051A9AF /* Release */,
			);
			defaultConfigurationIsVisible = 0;
			defaultConfigurationName = Release;
		};
/* End XCConfigurationList section */
	};
	rootObject = 75C27326250DDA650051A9AF /* Project object */;
}
